{
    "version": 3,
    "terraform_version": "0.11.11",
    "serial": 5,
    "lineage": "beeb9358-6e57-e2d9-f73b-5db17347c45d",
    "modules": [
        {
            "path": [
                "root"
            ],
            "outputs": {},
            "resources": {
                "azurerm_lb.pfelb": {
                    "type": "azurerm_lb",
                    "depends_on": [
                        "azurerm_public_ip.pfepublicipforlb",
                        "azurerm_resource_group.pferesourcegroup"
                    ],
                    "primary": {
                        "id": "/subscriptions/72fe589e-571b-4552-afaf-8de7d9c7e083/resourceGroups/pfeResourceGroup/providers/Microsoft.Network/loadBalancers/pfeLB",
                        "attributes": {
                            "frontend_ip_configuration.#": "1",
                            "frontend_ip_configuration.0.inbound_nat_rules.#": "0",
                            "frontend_ip_configuration.0.load_balancer_rules.#": "0",
                            "frontend_ip_configuration.0.name": "pfeLBPublicAdress",
                            "frontend_ip_configuration.0.private_ip_address": "",
                            "frontend_ip_configuration.0.private_ip_address_allocation": "Dynamic",
                            "frontend_ip_configuration.0.public_ip_address_id": "/subscriptions/72fe589e-571b-4552-afaf-8de7d9c7e083/resourceGroups/pfeResourceGroup/providers/Microsoft.Network/publicIPAddresses/pfePublicIPForLB",
                            "frontend_ip_configuration.0.subnet_id": "",
                            "frontend_ip_configuration.0.zones.#": "0",
                            "id": "/subscriptions/72fe589e-571b-4552-afaf-8de7d9c7e083/resourceGroups/pfeResourceGroup/providers/Microsoft.Network/loadBalancers/pfeLB",
                            "location": "westeurope",
                            "name": "pfeLB",
                            "private_ip_address": "",
                            "private_ip_addresses.#": "0",
                            "resource_group_name": "pfeResourceGroup",
                            "sku": "Basic",
                            "tags.%": "1",
                            "tags.environment": "Production"
                        },
                        "meta": {},
                        "tainted": false
                    },
                    "deposed": [],
                    "provider": "provider.azurerm"
                },
                "azurerm_network_interface.pfenicforvm1": {
                    "type": "azurerm_network_interface",
                    "depends_on": [
                        "azurerm_network_security_group.pfensg",
                        "azurerm_public_ip.pfepublicipforvm1",
                        "azurerm_resource_group.pferesourcegroup",
                        "azurerm_subnet.pfesubnet"
                    ],
                    "primary": {
                        "id": "/subscriptions/72fe589e-571b-4552-afaf-8de7d9c7e083/resourceGroups/pfeResourceGroup/providers/Microsoft.Network/networkInterfaces/pfeNICforVM1",
                        "attributes": {
                            "applied_dns_servers.#": "0",
                            "dns_servers.#": "0",
                            "enable_accelerated_networking": "false",
                            "enable_ip_forwarding": "false",
                            "id": "/subscriptions/72fe589e-571b-4552-afaf-8de7d9c7e083/resourceGroups/pfeResourceGroup/providers/Microsoft.Network/networkInterfaces/pfeNICforVM1",
                            "internal_dns_name_label": "",
                            "internal_fqdn": "",
                            "ip_configuration.#": "1",
                            "ip_configuration.0.application_gateway_backend_address_pools_ids.#": "0",
                            "ip_configuration.0.application_security_group_ids.#": "0",
                            "ip_configuration.0.load_balancer_backend_address_pools_ids.#": "0",
                            "ip_configuration.0.load_balancer_inbound_nat_rules_ids.#": "0",
                            "ip_configuration.0.name": "pfeNICforVM1Configuration",
                            "ip_configuration.0.primary": "true",
                            "ip_configuration.0.private_ip_address": "",
                            "ip_configuration.0.private_ip_address_allocation": "dynamic",
                            "ip_configuration.0.private_ip_address_version": "IPv4",
                            "ip_configuration.0.public_ip_address_id": "/subscriptions/72fe589e-571b-4552-afaf-8de7d9c7e083/resourceGroups/pfeResourceGroup/providers/Microsoft.Network/publicIPAddresses/pfePublicIPforVM1",
                            "ip_configuration.0.subnet_id": "/subscriptions/72fe589e-571b-4552-afaf-8de7d9c7e083/resourceGroups/pfeResourceGroup/providers/Microsoft.Network/virtualNetworks/pfeVnet/subnets/pfeSubnet",
                            "location": "westeurope",
                            "mac_address": "00-0D-3A-3A-3B-73",
                            "name": "pfeNICforVM1",
                            "network_security_group_id": "/subscriptions/72fe589e-571b-4552-afaf-8de7d9c7e083/resourceGroups/pfeResourceGroup/providers/Microsoft.Network/networkSecurityGroups/pfeNetworkSecurityGroup",
                            "private_ip_address": "192.168.1.4",
                            "private_ip_addresses.#": "1",
                            "private_ip_addresses.0": "192.168.1.4",
                            "resource_group_name": "pfeResourceGroup",
                            "tags.%": "1",
                            "tags.environment": "Production",
                            "virtual_machine_id": "/subscriptions/72fe589e-571b-4552-afaf-8de7d9c7e083/resourceGroups/pfeResourceGroup/providers/Microsoft.Compute/virtualMachines/pfeVM1"
                        },
                        "meta": {},
                        "tainted": false
                    },
                    "deposed": [],
                    "provider": "provider.azurerm"
                },
                "azurerm_network_interface.pfenicforvm2": {
                    "type": "azurerm_network_interface",
                    "depends_on": [
                        "azurerm_network_security_group.pfensg",
                        "azurerm_public_ip.pfepublicipforvm2",
                        "azurerm_resource_group.pferesourcegroup",
                        "azurerm_subnet.pfesubnet"
                    ],
                    "primary": {
                        "id": "/subscriptions/72fe589e-571b-4552-afaf-8de7d9c7e083/resourceGroups/pfeResourceGroup/providers/Microsoft.Network/networkInterfaces/pfeNICforVM2",
                        "attributes": {
                            "applied_dns_servers.#": "0",
                            "dns_servers.#": "0",
                            "enable_accelerated_networking": "false",
                            "enable_ip_forwarding": "false",
                            "id": "/subscriptions/72fe589e-571b-4552-afaf-8de7d9c7e083/resourceGroups/pfeResourceGroup/providers/Microsoft.Network/networkInterfaces/pfeNICforVM2",
                            "internal_dns_name_label": "",
                            "internal_fqdn": "",
                            "ip_configuration.#": "1",
                            "ip_configuration.0.application_gateway_backend_address_pools_ids.#": "0",
                            "ip_configuration.0.application_security_group_ids.#": "0",
                            "ip_configuration.0.load_balancer_backend_address_pools_ids.#": "0",
                            "ip_configuration.0.load_balancer_inbound_nat_rules_ids.#": "0",
                            "ip_configuration.0.name": "pfeNICforVM2Configuration",
                            "ip_configuration.0.primary": "true",
                            "ip_configuration.0.private_ip_address": "",
                            "ip_configuration.0.private_ip_address_allocation": "dynamic",
                            "ip_configuration.0.private_ip_address_version": "IPv4",
                            "ip_configuration.0.public_ip_address_id": "/subscriptions/72fe589e-571b-4552-afaf-8de7d9c7e083/resourceGroups/pfeResourceGroup/providers/Microsoft.Network/publicIPAddresses/pfePublicIPforVM2",
                            "ip_configuration.0.subnet_id": "/subscriptions/72fe589e-571b-4552-afaf-8de7d9c7e083/resourceGroups/pfeResourceGroup/providers/Microsoft.Network/virtualNetworks/pfeVnet/subnets/pfeSubnet",
                            "location": "westeurope",
                            "mac_address": "00-0D-3A-24-E8-10",
                            "name": "pfeNICforVM2",
                            "network_security_group_id": "/subscriptions/72fe589e-571b-4552-afaf-8de7d9c7e083/resourceGroups/pfeResourceGroup/providers/Microsoft.Network/networkSecurityGroups/pfeNetworkSecurityGroup",
                            "private_ip_address": "192.168.1.5",
                            "private_ip_addresses.#": "1",
                            "private_ip_addresses.0": "192.168.1.5",
                            "resource_group_name": "pfeResourceGroup",
                            "tags.%": "1",
                            "tags.environment": "Production",
                            "virtual_machine_id": "/subscriptions/72fe589e-571b-4552-afaf-8de7d9c7e083/resourceGroups/pfeResourceGroup/providers/Microsoft.Compute/virtualMachines/pfeVM2"
                        },
                        "meta": {},
                        "tainted": false
                    },
                    "deposed": [],
                    "provider": "provider.azurerm"
                },
                "azurerm_network_security_group.pfensg": {
                    "type": "azurerm_network_security_group",
                    "depends_on": [
                        "azurerm_resource_group.pferesourcegroup"
                    ],
                    "primary": {
                        "id": "/subscriptions/72fe589e-571b-4552-afaf-8de7d9c7e083/resourceGroups/pfeResourceGroup/providers/Microsoft.Network/networkSecurityGroups/pfeNetworkSecurityGroup",
                        "attributes": {
                            "id": "/subscriptions/72fe589e-571b-4552-afaf-8de7d9c7e083/resourceGroups/pfeResourceGroup/providers/Microsoft.Network/networkSecurityGroups/pfeNetworkSecurityGroup",
                            "location": "westeurope",
                            "name": "pfeNetworkSecurityGroup",
                            "resource_group_name": "pfeResourceGroup",
                            "security_rule.#": "9",
                            "security_rule.1166616933.access": "Allow",
                            "security_rule.1166616933.description": "",
                            "security_rule.1166616933.destination_address_prefix": "*",
                            "security_rule.1166616933.destination_address_prefixes.#": "0",
                            "security_rule.1166616933.destination_application_security_group_ids.#": "0",
                            "security_rule.1166616933.destination_port_range": "3389",
                            "security_rule.1166616933.destination_port_ranges.#": "0",
                            "security_rule.1166616933.direction": "Inbound",
                            "security_rule.1166616933.name": "PORT3389",
                            "security_rule.1166616933.priority": "1009",
                            "security_rule.1166616933.protocol": "*",
                            "security_rule.1166616933.source_address_prefix": "*",
                            "security_rule.1166616933.source_address_prefixes.#": "0",
                            "security_rule.1166616933.source_application_security_group_ids.#": "0",
                            "security_rule.1166616933.source_port_range": "*",
                            "security_rule.1166616933.source_port_ranges.#": "0",
                            "security_rule.1582878367.access": "Allow",
                            "security_rule.1582878367.description": "",
                            "security_rule.1582878367.destination_address_prefix": "*",
                            "security_rule.1582878367.destination_address_prefixes.#": "0",
                            "security_rule.1582878367.destination_application_security_group_ids.#": "0",
                            "security_rule.1582878367.destination_port_range": "5601",
                            "security_rule.1582878367.destination_port_ranges.#": "0",
                            "security_rule.1582878367.direction": "Inbound",
                            "security_rule.1582878367.name": "PORT5601",
                            "security_rule.1582878367.priority": "1005",
                            "security_rule.1582878367.protocol": "Tcp",
                            "security_rule.1582878367.source_address_prefix": "*",
                            "security_rule.1582878367.source_address_prefixes.#": "0",
                            "security_rule.1582878367.source_application_security_group_ids.#": "0",
                            "security_rule.1582878367.source_port_range": "*",
                            "security_rule.1582878367.source_port_ranges.#": "0",
                            "security_rule.1765866806.access": "Allow",
                            "security_rule.1765866806.description": "",
                            "security_rule.1765866806.destination_address_prefix": "*",
                            "security_rule.1765866806.destination_address_prefixes.#": "0",
                            "security_rule.1765866806.destination_application_security_group_ids.#": "0",
                            "security_rule.1765866806.destination_port_range": "443",
                            "security_rule.1765866806.destination_port_ranges.#": "0",
                            "security_rule.1765866806.direction": "Inbound",
                            "security_rule.1765866806.name": "HTTPS",
                            "security_rule.1765866806.priority": "1004",
                            "security_rule.1765866806.protocol": "Tcp",
                            "security_rule.1765866806.source_address_prefix": "*",
                            "security_rule.1765866806.source_address_prefixes.#": "0",
                            "security_rule.1765866806.source_application_security_group_ids.#": "0",
                            "security_rule.1765866806.source_port_range": "*",
                            "security_rule.1765866806.source_port_ranges.#": "0",
                            "security_rule.1933835313.access": "Allow",
                            "security_rule.1933835313.description": "",
                            "security_rule.1933835313.destination_address_prefix": "*",
                            "security_rule.1933835313.destination_address_prefixes.#": "0",
                            "security_rule.1933835313.destination_application_security_group_ids.#": "0",
                            "security_rule.1933835313.destination_port_range": "8080",
                            "security_rule.1933835313.destination_port_ranges.#": "0",
                            "security_rule.1933835313.direction": "Inbound",
                            "security_rule.1933835313.name": "HTTP8080",
                            "security_rule.1933835313.priority": "1003",
                            "security_rule.1933835313.protocol": "Tcp",
                            "security_rule.1933835313.source_address_prefix": "*",
                            "security_rule.1933835313.source_address_prefixes.#": "0",
                            "security_rule.1933835313.source_application_security_group_ids.#": "0",
                            "security_rule.1933835313.source_port_range": "*",
                            "security_rule.1933835313.source_port_ranges.#": "0",
                            "security_rule.2090309246.access": "Allow",
                            "security_rule.2090309246.description": "",
                            "security_rule.2090309246.destination_address_prefix": "*",
                            "security_rule.2090309246.destination_address_prefixes.#": "0",
                            "security_rule.2090309246.destination_application_security_group_ids.#": "0",
                            "security_rule.2090309246.destination_port_range": "22",
                            "security_rule.2090309246.destination_port_ranges.#": "0",
                            "security_rule.2090309246.direction": "Inbound",
                            "security_rule.2090309246.name": "SSH",
                            "security_rule.2090309246.priority": "1001",
                            "security_rule.2090309246.protocol": "Tcp",
                            "security_rule.2090309246.source_address_prefix": "*",
                            "security_rule.2090309246.source_address_prefixes.#": "0",
                            "security_rule.2090309246.source_application_security_group_ids.#": "0",
                            "security_rule.2090309246.source_port_range": "*",
                            "security_rule.2090309246.source_port_ranges.#": "0",
                            "security_rule.3088059263.access": "Allow",
                            "security_rule.3088059263.description": "",
                            "security_rule.3088059263.destination_address_prefix": "*",
                            "security_rule.3088059263.destination_address_prefixes.#": "0",
                            "security_rule.3088059263.destination_application_security_group_ids.#": "0",
                            "security_rule.3088059263.destination_port_range": "80",
                            "security_rule.3088059263.destination_port_ranges.#": "0",
                            "security_rule.3088059263.direction": "Inbound",
                            "security_rule.3088059263.name": "HTTP80",
                            "security_rule.3088059263.priority": "1002",
                            "security_rule.3088059263.protocol": "Tcp",
                            "security_rule.3088059263.source_address_prefix": "*",
                            "security_rule.3088059263.source_address_prefixes.#": "0",
                            "security_rule.3088059263.source_application_security_group_ids.#": "0",
                            "security_rule.3088059263.source_port_range": "*",
                            "security_rule.3088059263.source_port_ranges.#": "0",
                            "security_rule.3251903986.access": "Allow",
                            "security_rule.3251903986.description": "",
                            "security_rule.3251903986.destination_address_prefix": "*",
                            "security_rule.3251903986.destination_address_prefixes.#": "0",
                            "security_rule.3251903986.destination_application_security_group_ids.#": "0",
                            "security_rule.3251903986.destination_port_range": "9200",
                            "security_rule.3251903986.destination_port_ranges.#": "0",
                            "security_rule.3251903986.direction": "Inbound",
                            "security_rule.3251903986.name": "PORT9200",
                            "security_rule.3251903986.priority": "1006",
                            "security_rule.3251903986.protocol": "*",
                            "security_rule.3251903986.source_address_prefix": "*",
                            "security_rule.3251903986.source_address_prefixes.#": "0",
                            "security_rule.3251903986.source_application_security_group_ids.#": "0",
                            "security_rule.3251903986.source_port_range": "*",
                            "security_rule.3251903986.source_port_ranges.#": "0",
                            "security_rule.3863790764.access": "Allow",
                            "security_rule.3863790764.description": "",
                            "security_rule.3863790764.destination_address_prefix": "*",
                            "security_rule.3863790764.destination_address_prefixes.#": "0",
                            "security_rule.3863790764.destination_application_security_group_ids.#": "0",
                            "security_rule.3863790764.destination_port_range": "1337",
                            "security_rule.3863790764.destination_port_ranges.#": "0",
                            "security_rule.3863790764.direction": "Inbound",
                            "security_rule.3863790764.name": "PORT1337",
                            "security_rule.3863790764.priority": "1008",
                            "security_rule.3863790764.protocol": "*",
                            "security_rule.3863790764.source_address_prefix": "*",
                            "security_rule.3863790764.source_address_prefixes.#": "0",
                            "security_rule.3863790764.source_application_security_group_ids.#": "0",
                            "security_rule.3863790764.source_port_range": "*",
                            "security_rule.3863790764.source_port_ranges.#": "0",
                            "security_rule.710817272.access": "Allow",
                            "security_rule.710817272.description": "",
                            "security_rule.710817272.destination_address_prefix": "*",
                            "security_rule.710817272.destination_address_prefixes.#": "0",
                            "security_rule.710817272.destination_application_security_group_ids.#": "0",
                            "security_rule.710817272.destination_port_range": "5044",
                            "security_rule.710817272.destination_port_ranges.#": "0",
                            "security_rule.710817272.direction": "Inbound",
                            "security_rule.710817272.name": "PORT5044",
                            "security_rule.710817272.priority": "1007",
                            "security_rule.710817272.protocol": "*",
                            "security_rule.710817272.source_address_prefix": "*",
                            "security_rule.710817272.source_address_prefixes.#": "0",
                            "security_rule.710817272.source_application_security_group_ids.#": "0",
                            "security_rule.710817272.source_port_range": "*",
                            "security_rule.710817272.source_port_ranges.#": "0",
                            "tags.%": "1",
                            "tags.environment": "Production"
                        },
                        "meta": {},
                        "tainted": false
                    },
                    "deposed": [],
                    "provider": "provider.azurerm"
                },
                "azurerm_public_ip.pfepublicipforlb": {
                    "type": "azurerm_public_ip",
                    "depends_on": [
                        "azurerm_resource_group.pferesourcegroup"
                    ],
                    "primary": {
                        "id": "/subscriptions/72fe589e-571b-4552-afaf-8de7d9c7e083/resourceGroups/pfeResourceGroup/providers/Microsoft.Network/publicIPAddresses/pfePublicIPForLB",
                        "attributes": {
                            "allocation_method": "Static",
                            "id": "/subscriptions/72fe589e-571b-4552-afaf-8de7d9c7e083/resourceGroups/pfeResourceGroup/providers/Microsoft.Network/publicIPAddresses/pfePublicIPForLB",
                            "idle_timeout_in_minutes": "4",
                            "ip_address": "40.68.208.71",
                            "ip_version": "IPv4",
                            "location": "westeurope",
                            "name": "pfePublicIPForLB",
                            "public_ip_address_allocation": "Static",
                            "resource_group_name": "pfeResourceGroup",
                            "sku": "Basic",
                            "tags.%": "1",
                            "tags.environment": "Production",
                            "zones.#": "0"
                        },
                        "meta": {},
                        "tainted": false
                    },
                    "deposed": [],
                    "provider": "provider.azurerm"
                },
                "azurerm_public_ip.pfepublicipforvm1": {
                    "type": "azurerm_public_ip",
                    "depends_on": [
                        "azurerm_resource_group.pferesourcegroup"
                    ],
                    "primary": {
                        "id": "/subscriptions/72fe589e-571b-4552-afaf-8de7d9c7e083/resourceGroups/pfeResourceGroup/providers/Microsoft.Network/publicIPAddresses/pfePublicIPforVM1",
                        "attributes": {
                            "allocation_method": "Dynamic",
                            "id": "/subscriptions/72fe589e-571b-4552-afaf-8de7d9c7e083/resourceGroups/pfeResourceGroup/providers/Microsoft.Network/publicIPAddresses/pfePublicIPforVM1",
                            "idle_timeout_in_minutes": "4",
                            "ip_address": "65.52.134.180",
                            "ip_version": "IPv4",
                            "location": "westeurope",
                            "name": "pfePublicIPforVM1",
                            "public_ip_address_allocation": "Dynamic",
                            "resource_group_name": "pfeResourceGroup",
                            "sku": "Basic",
                            "tags.%": "1",
                            "tags.environment": "Production",
                            "zones.#": "0"
                        },
                        "meta": {},
                        "tainted": false
                    },
                    "deposed": [],
                    "provider": "provider.azurerm"
                },
                "azurerm_public_ip.pfepublicipforvm2": {
                    "type": "azurerm_public_ip",
                    "depends_on": [
                        "azurerm_resource_group.pferesourcegroup"
                    ],
                    "primary": {
                        "id": "/subscriptions/72fe589e-571b-4552-afaf-8de7d9c7e083/resourceGroups/pfeResourceGroup/providers/Microsoft.Network/publicIPAddresses/pfePublicIPforVM2",
                        "attributes": {
                            "allocation_method": "Dynamic",
                            "id": "/subscriptions/72fe589e-571b-4552-afaf-8de7d9c7e083/resourceGroups/pfeResourceGroup/providers/Microsoft.Network/publicIPAddresses/pfePublicIPforVM2",
                            "idle_timeout_in_minutes": "4",
                            "ip_address": "52.174.94.157",
                            "ip_version": "IPv4",
                            "location": "westeurope",
                            "name": "pfePublicIPforVM2",
                            "public_ip_address_allocation": "Dynamic",
                            "resource_group_name": "pfeResourceGroup",
                            "sku": "Basic",
                            "tags.%": "1",
                            "tags.environment": "Production",
                            "zones.#": "0"
                        },
                        "meta": {},
                        "tainted": false
                    },
                    "deposed": [],
                    "provider": "provider.azurerm"
                },
                "azurerm_resource_group.pferesourcegroup": {
                    "type": "azurerm_resource_group",
                    "depends_on": [],
                    "primary": {
                        "id": "/subscriptions/72fe589e-571b-4552-afaf-8de7d9c7e083/resourceGroups/pfeResourceGroup",
                        "attributes": {
                            "id": "/subscriptions/72fe589e-571b-4552-afaf-8de7d9c7e083/resourceGroups/pfeResourceGroup",
                            "location": "westeurope",
                            "name": "pfeResourceGroup",
                            "tags.%": "1",
                            "tags.environment": "Production"
                        },
                        "meta": {},
                        "tainted": false
                    },
                    "deposed": [],
                    "provider": "provider.azurerm"
                },
                "azurerm_storage_account.pfestorageaccount": {
                    "type": "azurerm_storage_account",
                    "depends_on": [
                        "azurerm_resource_group.pferesourcegroup",
                        "random_id.randomId"
                    ],
                    "primary": {
                        "id": "/subscriptions/72fe589e-571b-4552-afaf-8de7d9c7e083/resourceGroups/pfeResourceGroup/providers/Microsoft.Storage/storageAccounts/diag4cc755cbdc97cad2",
                        "attributes": {
                            "access_tier": "",
                            "account_encryption_source": "Microsoft.Storage",
                            "account_kind": "Storage",
                            "account_replication_type": "LRS",
                            "account_tier": "Standard",
                            "account_type": "Standard_LRS",
                            "enable_blob_encryption": "true",
                            "enable_file_encryption": "true",
                            "enable_https_traffic_only": "false",
                            "id": "/subscriptions/72fe589e-571b-4552-afaf-8de7d9c7e083/resourceGroups/pfeResourceGroup/providers/Microsoft.Storage/storageAccounts/diag4cc755cbdc97cad2",
                            "identity.#": "0",
                            "location": "westeurope",
                            "name": "diag4cc755cbdc97cad2",
                            "network_rules.#": "0",
                            "primary_access_key": "/oAef9ixcKQFHm9cOeSNqrlYllqa7hhjpPfbOGNEwFHC2lA3ZJSH/dT+iCmW6qUozm2mGZG67jmXJ0UCU1GQGw==",
                            "primary_blob_connection_string": "DefaultEndpointsProtocol=https;BlobEndpoint=https://diag4cc755cbdc97cad2.blob.core.windows.net/;AccountName=diag4cc755cbdc97cad2;AccountKey=/oAef9ixcKQFHm9cOeSNqrlYllqa7hhjpPfbOGNEwFHC2lA3ZJSH/dT+iCmW6qUozm2mGZG67jmXJ0UCU1GQGw==",
                            "primary_blob_endpoint": "https://diag4cc755cbdc97cad2.blob.core.windows.net/",
                            "primary_connection_string": "DefaultEndpointsProtocol=https;AccountName=diag4cc755cbdc97cad2;AccountKey=/oAef9ixcKQFHm9cOeSNqrlYllqa7hhjpPfbOGNEwFHC2lA3ZJSH/dT+iCmW6qUozm2mGZG67jmXJ0UCU1GQGw==;EndpointSuffix=core.windows.net",
                            "primary_file_endpoint": "https://diag4cc755cbdc97cad2.file.core.windows.net/",
                            "primary_location": "westeurope",
                            "primary_queue_endpoint": "https://diag4cc755cbdc97cad2.queue.core.windows.net/",
                            "primary_table_endpoint": "https://diag4cc755cbdc97cad2.table.core.windows.net/",
                            "resource_group_name": "pfeResourceGroup",
                            "secondary_access_key": "tCDEIn6+E8Ix8TFUVJbeILVc7Rdq1+aTJS/QE2PSHQA/QKD+MnsPdbsKyAAzF256c95e4sX/VUqvqLurOeUz9Q==",
                            "secondary_connection_string": "DefaultEndpointsProtocol=https;AccountName=diag4cc755cbdc97cad2;AccountKey=tCDEIn6+E8Ix8TFUVJbeILVc7Rdq1+aTJS/QE2PSHQA/QKD+MnsPdbsKyAAzF256c95e4sX/VUqvqLurOeUz9Q==;EndpointSuffix=core.windows.net",
                            "secondary_location": "",
                            "tags.%": "1",
                            "tags.environment": "Production"
                        },
                        "meta": {
                            "schema_version": "2"
                        },
                        "tainted": false
                    },
                    "deposed": [],
                    "provider": "provider.azurerm"
                },
                "azurerm_subnet.pfesubnet": {
                    "type": "azurerm_subnet",
                    "depends_on": [
                        "azurerm_resource_group.pferesourcegroup",
                        "azurerm_virtual_network.pfenetwork"
                    ],
                    "primary": {
                        "id": "/subscriptions/72fe589e-571b-4552-afaf-8de7d9c7e083/resourceGroups/pfeResourceGroup/providers/Microsoft.Network/virtualNetworks/pfeVnet/subnets/pfeSubnet",
                        "attributes": {
                            "address_prefix": "192.168.1.0/24",
                            "delegation.#": "0",
                            "id": "/subscriptions/72fe589e-571b-4552-afaf-8de7d9c7e083/resourceGroups/pfeResourceGroup/providers/Microsoft.Network/virtualNetworks/pfeVnet/subnets/pfeSubnet",
                            "ip_configurations.#": "2",
                            "ip_configurations.2170592394": "/subscriptions/72fe589e-571b-4552-afaf-8de7d9c7e083/resourceGroups/pfeResourceGroup/providers/Microsoft.Network/networkInterfaces/pfeNICforVM1/ipConfigurations/pfeNICforVM1Configuration",
                            "ip_configurations.2205807095": "/subscriptions/72fe589e-571b-4552-afaf-8de7d9c7e083/resourceGroups/pfeResourceGroup/providers/Microsoft.Network/networkInterfaces/pfeNICforVM2/ipConfigurations/pfeNICforVM2Configuration",
                            "name": "pfeSubnet",
                            "network_security_group_id": "",
                            "resource_group_name": "pfeResourceGroup",
                            "route_table_id": "",
                            "service_endpoints.#": "0",
                            "virtual_network_name": "pfeVnet"
                        },
                        "meta": {},
                        "tainted": false
                    },
                    "deposed": [],
                    "provider": "provider.azurerm"
                },
                "azurerm_virtual_machine.pfevm1": {
                    "type": "azurerm_virtual_machine",
                    "depends_on": [
                        "azurerm_network_interface.pfenicforvm1",
                        "azurerm_resource_group.pferesourcegroup",
                        "azurerm_storage_account.pfestorageaccount"
                    ],
                    "primary": {
                        "id": "/subscriptions/72fe589e-571b-4552-afaf-8de7d9c7e083/resourceGroups/pfeResourceGroup/providers/Microsoft.Compute/virtualMachines/pfeVM1",
                        "attributes": {
                            "boot_diagnostics.#": "1",
                            "boot_diagnostics.0.enabled": "true",
                            "boot_diagnostics.0.storage_uri": "https://diag4cc755cbdc97cad2.blob.core.windows.net/",
                            "delete_data_disks_on_termination": "false",
                            "delete_os_disk_on_termination": "false",
                            "id": "/subscriptions/72fe589e-571b-4552-afaf-8de7d9c7e083/resourceGroups/pfeResourceGroup/providers/Microsoft.Compute/virtualMachines/pfeVM1",
                            "identity.#": "0",
                            "location": "westeurope",
                            "name": "pfeVM1",
                            "network_interface_ids.#": "1",
                            "network_interface_ids.0": "/subscriptions/72fe589e-571b-4552-afaf-8de7d9c7e083/resourceGroups/pfeResourceGroup/providers/Microsoft.Network/networkInterfaces/pfeNICforVM1",
                            "os_profile.#": "1",
                            "os_profile.487546570.admin_password": "",
                            "os_profile.487546570.admin_username": "azureuser",
                            "os_profile.487546570.computer_name": "pfeVM1",
                            "os_profile.487546570.custom_data": "",
                            "os_profile_linux_config.#": "1",
                            "os_profile_linux_config.2972667452.disable_password_authentication": "false",
                            "os_profile_linux_config.2972667452.ssh_keys.#": "0",
                            "os_profile_secrets.#": "0",
                            "os_profile_windows_config.#": "0",
                            "plan.#": "0",
                            "resource_group_name": "pfeResourceGroup",
                            "storage_data_disk.#": "0",
                            "storage_image_reference.#": "1",
                            "storage_image_reference.363552096.id": "",
                            "storage_image_reference.363552096.offer": "UbuntuServer",
                            "storage_image_reference.363552096.publisher": "Canonical",
                            "storage_image_reference.363552096.sku": "16.04.0-LTS",
                            "storage_image_reference.363552096.version": "latest",
                            "storage_os_disk.#": "1",
                            "storage_os_disk.0.caching": "ReadWrite",
                            "storage_os_disk.0.create_option": "FromImage",
                            "storage_os_disk.0.disk_size_gb": "30",
                            "storage_os_disk.0.image_uri": "",
                            "storage_os_disk.0.managed_disk_id": "/subscriptions/72fe589e-571b-4552-afaf-8de7d9c7e083/resourceGroups/pfeResourceGroup/providers/Microsoft.Compute/disks/pfeVM1OsDisk",
                            "storage_os_disk.0.managed_disk_type": "Premium_LRS",
                            "storage_os_disk.0.name": "pfeVM1OsDisk",
                            "storage_os_disk.0.os_type": "Linux",
                            "storage_os_disk.0.vhd_uri": "",
                            "storage_os_disk.0.write_accelerator_enabled": "false",
                            "tags.%": "1",
                            "tags.environment": "Production",
                            "vm_size": "Standard_DS1_v2",
                            "zones.#": "0"
                        },
                        "meta": {},
                        "tainted": false
                    },
                    "deposed": [],
                    "provider": "provider.azurerm"
                },
                "azurerm_virtual_machine.pfevm2": {
                    "type": "azurerm_virtual_machine",
                    "depends_on": [
                        "azurerm_network_interface.pfenicforvm2",
                        "azurerm_resource_group.pferesourcegroup",
                        "azurerm_storage_account.pfestorageaccount"
                    ],
                    "primary": {
                        "id": "/subscriptions/72fe589e-571b-4552-afaf-8de7d9c7e083/resourceGroups/pfeResourceGroup/providers/Microsoft.Compute/virtualMachines/pfeVM2",
                        "attributes": {
                            "boot_diagnostics.#": "1",
                            "boot_diagnostics.0.enabled": "true",
                            "boot_diagnostics.0.storage_uri": "https://diag4cc755cbdc97cad2.blob.core.windows.net/",
                            "delete_data_disks_on_termination": "false",
                            "delete_os_disk_on_termination": "false",
                            "id": "/subscriptions/72fe589e-571b-4552-afaf-8de7d9c7e083/resourceGroups/pfeResourceGroup/providers/Microsoft.Compute/virtualMachines/pfeVM2",
                            "identity.#": "0",
                            "location": "westeurope",
                            "name": "pfeVM2",
                            "network_interface_ids.#": "1",
                            "network_interface_ids.0": "/subscriptions/72fe589e-571b-4552-afaf-8de7d9c7e083/resourceGroups/pfeResourceGroup/providers/Microsoft.Network/networkInterfaces/pfeNICforVM2",
                            "os_profile.#": "1",
                            "os_profile.908201225.admin_password": "",
                            "os_profile.908201225.admin_username": "azureuser",
                            "os_profile.908201225.computer_name": "pfeVM2",
                            "os_profile.908201225.custom_data": "",
                            "os_profile_linux_config.#": "0",
                            "os_profile_secrets.#": "0",
                            "os_profile_windows_config.#": "1",
                            "os_profile_windows_config.80598305.additional_unattend_config.#": "0",
                            "os_profile_windows_config.80598305.enable_automatic_upgrades": "false",
                            "os_profile_windows_config.80598305.provision_vm_agent": "false",
                            "os_profile_windows_config.80598305.timezone": "",
                            "os_profile_windows_config.80598305.winrm.#": "0",
                            "plan.#": "0",
                            "resource_group_name": "pfeResourceGroup",
                            "storage_data_disk.#": "0",
                            "storage_image_reference.#": "1",
                            "storage_image_reference.771589717.id": "",
                            "storage_image_reference.771589717.offer": "WindowsServer",
                            "storage_image_reference.771589717.publisher": "MicrosoftWindowsServer",
                            "storage_image_reference.771589717.sku": "2016-Datacenter-Server-Core-smalldisk",
                            "storage_image_reference.771589717.version": "latest",
                            "storage_os_disk.#": "1",
                            "storage_os_disk.0.caching": "ReadWrite",
                            "storage_os_disk.0.create_option": "FromImage",
                            "storage_os_disk.0.disk_size_gb": "30",
                            "storage_os_disk.0.image_uri": "",
                            "storage_os_disk.0.managed_disk_id": "/subscriptions/72fe589e-571b-4552-afaf-8de7d9c7e083/resourceGroups/pfeResourceGroup/providers/Microsoft.Compute/disks/pfeVM2OsDisk",
                            "storage_os_disk.0.managed_disk_type": "Premium_LRS",
                            "storage_os_disk.0.name": "pfeVM2OsDisk",
                            "storage_os_disk.0.os_type": "Windows",
                            "storage_os_disk.0.vhd_uri": "",
                            "storage_os_disk.0.write_accelerator_enabled": "false",
                            "tags.%": "1",
                            "tags.environment": "Production",
                            "vm_size": "Standard_B2s",
                            "zones.#": "0"
                        },
                        "meta": {},
                        "tainted": false
                    },
                    "deposed": [],
                    "provider": "provider.azurerm"
                },
                "azurerm_virtual_network.pfenetwork": {
                    "type": "azurerm_virtual_network",
                    "depends_on": [
                        "azurerm_resource_group.pferesourcegroup"
                    ],
                    "primary": {
                        "id": "/subscriptions/72fe589e-571b-4552-afaf-8de7d9c7e083/resourceGroups/pfeResourceGroup/providers/Microsoft.Network/virtualNetworks/pfeVnet",
                        "attributes": {
                            "address_space.#": "1",
                            "address_space.0": "192.168.0.0/16",
                            "dns_servers.#": "0",
                            "id": "/subscriptions/72fe589e-571b-4552-afaf-8de7d9c7e083/resourceGroups/pfeResourceGroup/providers/Microsoft.Network/virtualNetworks/pfeVnet",
                            "location": "westeurope",
                            "name": "pfeVnet",
                            "resource_group_name": "pfeResourceGroup",
                            "subnet.#": "1",
                            "subnet.3199611525.address_prefix": "192.168.1.0/24",
                            "subnet.3199611525.id": "/subscriptions/72fe589e-571b-4552-afaf-8de7d9c7e083/resourceGroups/pfeResourceGroup/providers/Microsoft.Network/virtualNetworks/pfeVnet/subnets/pfeSubnet",
                            "subnet.3199611525.name": "pfeSubnet",
                            "subnet.3199611525.security_group": "",
                            "tags.%": "1",
                            "tags.environment": "Production"
                        },
                        "meta": {},
                        "tainted": false
                    },
                    "deposed": [],
                    "provider": "provider.azurerm"
                },
                "random_id.randomId": {
                    "type": "random_id",
                    "depends_on": [
                        "azurerm_resource_group.pferesourcegroup"
                    ],
                    "primary": {
                        "id": "TMdVy9yXytI",
                        "attributes": {
                            "b64": "TMdVy9yXytI",
                            "b64_std": "TMdVy9yXytI=",
                            "b64_url": "TMdVy9yXytI",
                            "byte_length": "8",
                            "dec": "5532485001315601106",
                            "hex": "4cc755cbdc97cad2",
                            "id": "TMdVy9yXytI",
                            "keepers.%": "1",
                            "keepers.resource_group": "pfeResourceGroup"
                        },
                        "meta": {},
                        "tainted": false
                    },
                    "deposed": [],
                    "provider": "provider.random"
                }
            },
            "depends_on": []
        }
    ]
}
