{
    "version": 3,
    "terraform_version": "0.11.11",
    "serial": 10,
    "lineage": "beeb9358-6e57-e2d9-f73b-5db17347c45d",
    "modules": [
        {
            "path": [
                "root"
            ],
            "outputs": {},
            "resources": {
                "azurerm_network_security_group.pfensg": {
                    "type": "azurerm_network_security_group",
                    "depends_on": [
                        "azurerm_resource_group.pferesourcegroup"
                    ],
                    "primary": {
                        "id": "/subscriptions/72fe589e-571b-4552-afaf-8de7d9c7e083/resourceGroups/pfeResourceGroup/providers/Microsoft.Network/networkSecurityGroups/pfeNetworkSecurityGroup",
                        "attributes": {
                            "id": "/subscriptions/72fe589e-571b-4552-afaf-8de7d9c7e083/resourceGroups/pfeResourceGroup/providers/Microsoft.Network/networkSecurityGroups/pfeNetworkSecurityGroup",
                            "location": "westeurope",
                            "name": "pfeNetworkSecurityGroup",
                            "resource_group_name": "pfeResourceGroup",
                            "security_rule.#": "9",
                            "security_rule.1166616933.access": "Allow",
                            "security_rule.1166616933.description": "",
                            "security_rule.1166616933.destination_address_prefix": "*",
                            "security_rule.1166616933.destination_address_prefixes.#": "0",
                            "security_rule.1166616933.destination_application_security_group_ids.#": "0",
                            "security_rule.1166616933.destination_port_range": "3389",
                            "security_rule.1166616933.destination_port_ranges.#": "0",
                            "security_rule.1166616933.direction": "Inbound",
                            "security_rule.1166616933.name": "PORT3389",
                            "security_rule.1166616933.priority": "1009",
                            "security_rule.1166616933.protocol": "*",
                            "security_rule.1166616933.source_address_prefix": "*",
                            "security_rule.1166616933.source_address_prefixes.#": "0",
                            "security_rule.1166616933.source_application_security_group_ids.#": "0",
                            "security_rule.1166616933.source_port_range": "*",
                            "security_rule.1166616933.source_port_ranges.#": "0",
                            "security_rule.1582878367.access": "Allow",
                            "security_rule.1582878367.description": "",
                            "security_rule.1582878367.destination_address_prefix": "*",
                            "security_rule.1582878367.destination_address_prefixes.#": "0",
                            "security_rule.1582878367.destination_application_security_group_ids.#": "0",
                            "security_rule.1582878367.destination_port_range": "5601",
                            "security_rule.1582878367.destination_port_ranges.#": "0",
                            "security_rule.1582878367.direction": "Inbound",
                            "security_rule.1582878367.name": "PORT5601",
                            "security_rule.1582878367.priority": "1005",
                            "security_rule.1582878367.protocol": "Tcp",
                            "security_rule.1582878367.source_address_prefix": "*",
                            "security_rule.1582878367.source_address_prefixes.#": "0",
                            "security_rule.1582878367.source_application_security_group_ids.#": "0",
                            "security_rule.1582878367.source_port_range": "*",
                            "security_rule.1582878367.source_port_ranges.#": "0",
                            "security_rule.1765866806.access": "Allow",
                            "security_rule.1765866806.description": "",
                            "security_rule.1765866806.destination_address_prefix": "*",
                            "security_rule.1765866806.destination_address_prefixes.#": "0",
                            "security_rule.1765866806.destination_application_security_group_ids.#": "0",
                            "security_rule.1765866806.destination_port_range": "443",
                            "security_rule.1765866806.destination_port_ranges.#": "0",
                            "security_rule.1765866806.direction": "Inbound",
                            "security_rule.1765866806.name": "HTTPS",
                            "security_rule.1765866806.priority": "1004",
                            "security_rule.1765866806.protocol": "Tcp",
                            "security_rule.1765866806.source_address_prefix": "*",
                            "security_rule.1765866806.source_address_prefixes.#": "0",
                            "security_rule.1765866806.source_application_security_group_ids.#": "0",
                            "security_rule.1765866806.source_port_range": "*",
                            "security_rule.1765866806.source_port_ranges.#": "0",
                            "security_rule.1933835313.access": "Allow",
                            "security_rule.1933835313.description": "",
                            "security_rule.1933835313.destination_address_prefix": "*",
                            "security_rule.1933835313.destination_address_prefixes.#": "0",
                            "security_rule.1933835313.destination_application_security_group_ids.#": "0",
                            "security_rule.1933835313.destination_port_range": "8080",
                            "security_rule.1933835313.destination_port_ranges.#": "0",
                            "security_rule.1933835313.direction": "Inbound",
                            "security_rule.1933835313.name": "HTTP8080",
                            "security_rule.1933835313.priority": "1003",
                            "security_rule.1933835313.protocol": "Tcp",
                            "security_rule.1933835313.source_address_prefix": "*",
                            "security_rule.1933835313.source_address_prefixes.#": "0",
                            "security_rule.1933835313.source_application_security_group_ids.#": "0",
                            "security_rule.1933835313.source_port_range": "*",
                            "security_rule.1933835313.source_port_ranges.#": "0",
                            "security_rule.2090309246.access": "Allow",
                            "security_rule.2090309246.description": "",
                            "security_rule.2090309246.destination_address_prefix": "*",
                            "security_rule.2090309246.destination_address_prefixes.#": "0",
                            "security_rule.2090309246.destination_application_security_group_ids.#": "0",
                            "security_rule.2090309246.destination_port_range": "22",
                            "security_rule.2090309246.destination_port_ranges.#": "0",
                            "security_rule.2090309246.direction": "Inbound",
                            "security_rule.2090309246.name": "SSH",
                            "security_rule.2090309246.priority": "1001",
                            "security_rule.2090309246.protocol": "Tcp",
                            "security_rule.2090309246.source_address_prefix": "*",
                            "security_rule.2090309246.source_address_prefixes.#": "0",
                            "security_rule.2090309246.source_application_security_group_ids.#": "0",
                            "security_rule.2090309246.source_port_range": "*",
                            "security_rule.2090309246.source_port_ranges.#": "0",
                            "security_rule.3088059263.access": "Allow",
                            "security_rule.3088059263.description": "",
                            "security_rule.3088059263.destination_address_prefix": "*",
                            "security_rule.3088059263.destination_address_prefixes.#": "0",
                            "security_rule.3088059263.destination_application_security_group_ids.#": "0",
                            "security_rule.3088059263.destination_port_range": "80",
                            "security_rule.3088059263.destination_port_ranges.#": "0",
                            "security_rule.3088059263.direction": "Inbound",
                            "security_rule.3088059263.name": "HTTP80",
                            "security_rule.3088059263.priority": "1002",
                            "security_rule.3088059263.protocol": "Tcp",
                            "security_rule.3088059263.source_address_prefix": "*",
                            "security_rule.3088059263.source_address_prefixes.#": "0",
                            "security_rule.3088059263.source_application_security_group_ids.#": "0",
                            "security_rule.3088059263.source_port_range": "*",
                            "security_rule.3088059263.source_port_ranges.#": "0",
                            "security_rule.3251903986.access": "Allow",
                            "security_rule.3251903986.description": "",
                            "security_rule.3251903986.destination_address_prefix": "*",
                            "security_rule.3251903986.destination_address_prefixes.#": "0",
                            "security_rule.3251903986.destination_application_security_group_ids.#": "0",
                            "security_rule.3251903986.destination_port_range": "9200",
                            "security_rule.3251903986.destination_port_ranges.#": "0",
                            "security_rule.3251903986.direction": "Inbound",
                            "security_rule.3251903986.name": "PORT9200",
                            "security_rule.3251903986.priority": "1006",
                            "security_rule.3251903986.protocol": "*",
                            "security_rule.3251903986.source_address_prefix": "*",
                            "security_rule.3251903986.source_address_prefixes.#": "0",
                            "security_rule.3251903986.source_application_security_group_ids.#": "0",
                            "security_rule.3251903986.source_port_range": "*",
                            "security_rule.3251903986.source_port_ranges.#": "0",
                            "security_rule.3863790764.access": "Allow",
                            "security_rule.3863790764.description": "",
                            "security_rule.3863790764.destination_address_prefix": "*",
                            "security_rule.3863790764.destination_address_prefixes.#": "0",
                            "security_rule.3863790764.destination_application_security_group_ids.#": "0",
                            "security_rule.3863790764.destination_port_range": "1337",
                            "security_rule.3863790764.destination_port_ranges.#": "0",
                            "security_rule.3863790764.direction": "Inbound",
                            "security_rule.3863790764.name": "PORT1337",
                            "security_rule.3863790764.priority": "1008",
                            "security_rule.3863790764.protocol": "*",
                            "security_rule.3863790764.source_address_prefix": "*",
                            "security_rule.3863790764.source_address_prefixes.#": "0",
                            "security_rule.3863790764.source_application_security_group_ids.#": "0",
                            "security_rule.3863790764.source_port_range": "*",
                            "security_rule.3863790764.source_port_ranges.#": "0",
                            "security_rule.710817272.access": "Allow",
                            "security_rule.710817272.description": "",
                            "security_rule.710817272.destination_address_prefix": "*",
                            "security_rule.710817272.destination_address_prefixes.#": "0",
                            "security_rule.710817272.destination_application_security_group_ids.#": "0",
                            "security_rule.710817272.destination_port_range": "5044",
                            "security_rule.710817272.destination_port_ranges.#": "0",
                            "security_rule.710817272.direction": "Inbound",
                            "security_rule.710817272.name": "PORT5044",
                            "security_rule.710817272.priority": "1007",
                            "security_rule.710817272.protocol": "*",
                            "security_rule.710817272.source_address_prefix": "*",
                            "security_rule.710817272.source_address_prefixes.#": "0",
                            "security_rule.710817272.source_application_security_group_ids.#": "0",
                            "security_rule.710817272.source_port_range": "*",
                            "security_rule.710817272.source_port_ranges.#": "0",
                            "tags.%": "1",
                            "tags.environment": "Production"
                        },
                        "meta": {},
                        "tainted": false
                    },
                    "deposed": [],
                    "provider": "provider.azurerm"
                },
                "azurerm_public_ip.pfepublicipforvm1": {
                    "type": "azurerm_public_ip",
                    "depends_on": [
                        "azurerm_resource_group.pferesourcegroup"
                    ],
                    "primary": {
                        "id": "/subscriptions/72fe589e-571b-4552-afaf-8de7d9c7e083/resourceGroups/pfeResourceGroup/providers/Microsoft.Network/publicIPAddresses/pfePublicIPforVM1",
                        "attributes": {
                            "allocation_method": "Dynamic",
                            "id": "/subscriptions/72fe589e-571b-4552-afaf-8de7d9c7e083/resourceGroups/pfeResourceGroup/providers/Microsoft.Network/publicIPAddresses/pfePublicIPforVM1",
                            "idle_timeout_in_minutes": "4",
                            "ip_address": "137.117.225.182",
                            "ip_version": "IPv4",
                            "location": "westeurope",
                            "name": "pfePublicIPforVM1",
                            "public_ip_address_allocation": "Dynamic",
                            "resource_group_name": "pfeResourceGroup",
                            "sku": "Basic",
                            "tags.%": "1",
                            "tags.environment": "Production",
                            "zones.#": "0"
                        },
                        "meta": {},
                        "tainted": false
                    },
                    "deposed": [],
                    "provider": "provider.azurerm"
                },
                "azurerm_public_ip.pfepublicipforvm2": {
                    "type": "azurerm_public_ip",
                    "depends_on": [
                        "azurerm_resource_group.pferesourcegroup"
                    ],
                    "primary": {
                        "id": "/subscriptions/72fe589e-571b-4552-afaf-8de7d9c7e083/resourceGroups/pfeResourceGroup/providers/Microsoft.Network/publicIPAddresses/pfePublicIPforVM2",
                        "attributes": {
                            "allocation_method": "Dynamic",
                            "id": "/subscriptions/72fe589e-571b-4552-afaf-8de7d9c7e083/resourceGroups/pfeResourceGroup/providers/Microsoft.Network/publicIPAddresses/pfePublicIPforVM2",
                            "idle_timeout_in_minutes": "4",
                            "ip_address": "",
                            "ip_version": "IPv4",
                            "location": "westeurope",
                            "name": "pfePublicIPforVM2",
                            "public_ip_address_allocation": "Dynamic",
                            "resource_group_name": "pfeResourceGroup",
                            "sku": "Basic",
                            "tags.%": "1",
                            "tags.environment": "Production",
                            "zones.#": "0"
                        },
                        "meta": {},
                        "tainted": false
                    },
                    "deposed": [],
                    "provider": "provider.azurerm"
                },
                "azurerm_resource_group.pferesourcegroup": {
                    "type": "azurerm_resource_group",
                    "depends_on": [],
                    "primary": {
                        "id": "/subscriptions/72fe589e-571b-4552-afaf-8de7d9c7e083/resourceGroups/pfeResourceGroup",
                        "attributes": {
                            "id": "/subscriptions/72fe589e-571b-4552-afaf-8de7d9c7e083/resourceGroups/pfeResourceGroup",
                            "location": "westeurope",
                            "name": "pfeResourceGroup",
                            "tags.%": "1",
                            "tags.environment": "Production"
                        },
                        "meta": {},
                        "tainted": false
                    },
                    "deposed": [],
                    "provider": "provider.azurerm"
                }
            },
            "depends_on": []
        }
    ]
}
